
Microsoft Visual Studio Solution File, Format Version 12.00
# Visual Studio Version 17
VisualStudioVersion = 17.5.33627.172
MinimumVisualStudioVersion = 10.0.40219.1
Project("{FAE04EC0-301F-11D3-BF4B-00C04F79EFBC}") = "Mage", "Mage.csproj", "{A7ABA3A0-71A2-45A9-A55D-FC60EA02A265}"
EndProject
Global
	GlobalSection(SolutionConfigurationPlatforms) = preSolution
		Debug|Any CPU = Debug|Any CPU
		Release|Any CPU = Release|Any CPU
	EndGlobalSection
	GlobalSection(ProjectConfigurationPlatforms) = postSolution
		{A7ABA3A0-71A2-45A9-A55D-FC60EA02A265}.Debug|Any CPU.ActiveCfg = Debug|Any CPU
		{A7ABA3A0-71A2-45A9-A55D-FC60EA02A265}.Debug|Any CPU.Build.0 = Debug|Any CPU
		{A7ABA3A0-71A2-45A9-A55D-FC60EA02A265}.Release|Any CPU.ActiveCfg = Release|Any CPU
		{A7ABA3A0-71A2-45A9-A55D-FC60EA02A265}.Release|Any CPU.Build.0 = Release|Any CPU
	EndGlobalSection
	GlobalSection(SolutionProperties) = preSolution
		HideSolutionNode = FALSE
	EndGlobalSection
	GlobalSection(ExtensibilityGlobals) = postSolution
		SolutionGuid = {F2648075-D644-481C-87BC-3C76F3245E7F}
	EndGlobalSection
EndGlobal
